
Microsoft Visual Studio Solution File, Format Version 12.00
# Visual Studio Version 17
VisualStudioVersion = 17.5.33414.496
MinimumVisualStudioVersion = 10.0.40219.1
Project("{FAE04EC0-301F-11D3-BF4B-00C04F79EFBC}") = "ULTIMA CLASE", "ULTIMA CLASE\ULTIMA CLASE.csproj", "{53C13394-B07A-4141-A480-4283B4FE7283}"
EndProject
Global
	GlobalSection(SolutionConfigurationPlatforms) = preSolution
		Debug|Any CPU = Debug|Any CPU
		Release|Any CPU = Release|Any CPU
	EndGlobalSection
	GlobalSection(ProjectConfigurationPlatforms) = postSolution
		{53C13394-B07A-4141-A480-4283B4FE7283}.Debug|Any CPU.ActiveCfg = Debug|Any CPU
		{53C13394-B07A-4141-A480-4283B4FE7283}.Debug|Any CPU.Build.0 = Debug|Any CPU
		{53C13394-B07A-4141-A480-4283B4FE7283}.Release|Any CPU.ActiveCfg = Release|Any CPU
		{53C13394-B07A-4141-A480-4283B4FE7283}.Release|Any CPU.Build.0 = Release|Any CPU
	EndGlobalSection
	GlobalSection(SolutionProperties) = preSolution
		HideSolutionNode = FALSE
	EndGlobalSection
	GlobalSection(ExtensibilityGlobals) = postSolution
		SolutionGuid = {B81C645E-0847-425A-AA22-35F6E3159E5F}
	EndGlobalSection
EndGlobal
